// !$*UTF8*$!
{
	archiveVersion = 1;
	classes = {
	};
	objectVersion = 56;
	objects = {

/* Begin PBXBuildFile section */
		CE0181732DA02BCB00EB0C46 /* ToDoApp.swift in Sources */ = {isa = PBXBuildFile; fileRef = CE0181722DA02BCB00EB0C46 /* ToDoApp.swift */; };
		CE0181752DA02BCB00EB0C46 /* ContentView.swift in Sources */ = {isa = PBXBuildFile; fileRef = CE0181742DA02BCB00EB0C46 /* ContentView.swift */; };
		CE0181772DA02BCD00EB0C46 /* Assets.xcassets in Resources */ = {isa = PBXBuildFile; fileRef = CE0181762DA02BCD00EB0C46 /* Assets.xcassets */; };
		CE01817B2DA02BCD00EB0C46 /* Preview Assets.xcassets in Resources */ = {isa = PBXBuildFile; fileRef = CE01817A2DA02BCD00EB0C46 /* Preview Assets.xcassets */; };
		CE0181852DA02BCE00EB0C46 /* ToDoTests.swift in Sources */ = {isa = PBXBuildFile; fileRef = CE0181842DA02BCE00EB0C46 /* ToDoTests.swift */; };
		CE01818F2DA02BCE00EB0C46 /* ToDoUITests.swift in Sources */ = {isa = PBXBuildFile; fileRef = CE01818E2DA02BCE00EB0C46 /* ToDoUITests.swift */; };
		CE0181912DA02BCE00EB0C46 /* ToDoUITestsLaunchTests.swift in Sources */ = {isa = PBXBuildFile; fileRef = CE0181902DA02BCE00EB0C46 /* ToDoUITestsLaunchTests.swift */; };
		CE01819E2DA034F800EB0C46 /* ToDoListView.swift in Sources */ = {isa = PBXBuildFile; fileRef = CE01819D2DA034F800EB0C46 /* ToDoListView.swift */; };
		CE0181A02DA0373A00EB0C46 /* CalendarView.swift in Sources */ = {isa = PBXBuildFile; fileRef = CE01819F2DA0373A00EB0C46 /* CalendarView.swift */; };
		CE0181A22DA0382000EB0C46 /* NotesView.swift in Sources */ = {isa = PBXBuildFile; fileRef = CE0181A12DA0382000EB0C46 /* NotesView.swift */; };
		CE2F9BDF2DDA817C003C32CC /* roadmap.md in Resources */ = {isa = PBXBuildFile; fileRef = CE2F9BDE2DDA817C003C32CC /* roadmap.md */; };
/* End PBXBuildFile section */

/* Begin PBXContainerItemProxy section */
		CE0181812DA02BCD00EB0C46 /* PBXContainerItemProxy */ = {
			isa = PBXContainerItemProxy;
			containerPortal = CE0181672DA02BCB00EB0C46 /* Project object */;
			proxyType = 1;
			remoteGlobalIDString = CE01816E2DA02BCB00EB0C46;
			remoteInfo = ToDo;
		};
		CE01818B2DA02BCE00EB0C46 /* PBXContainerItemProxy */ = {
			isa = PBXContainerItemProxy;
			containerPortal = CE0181672DA02BCB00EB0C46 /* Project object */;
			proxyType = 1;
			remoteGlobalIDString = CE01816E2DA02BCB00EB0C46;
			remoteInfo = ToDo;
		};
/* End PBXContainerItemProxy section */

/* Begin PBXFileReference section */
		CE01816F2DA02BCB00EB0C46 /* ToDo.app */ = {isa = PBXFileReference; explicitFileType = wrapper.application; includeInIndex = 0; path = ToDo.app; sourceTree = BUILT_PRODUCTS_DIR; };
		CE0181722DA02BCB00EB0C46 /* ToDoApp.swift */ = {isa = PBXFileReference; lastKnownFileType = sourcecode.swift; path = ToDoApp.swift; sourceTree = "<group>"; };
		CE0181742DA02BCB00EB0C46 /* ContentView.swift */ = {isa = PBXFileReference; lastKnownFileType = sourcecode.swift; path = ContentView.swift; sourceTree = "<group>"; };
		CE0181762DA02BCD00EB0C46 /* Assets.xcassets */ = {isa = PBXFileReference; lastKnownFileType = folder.assetcatalog; path = Assets.xcassets; sourceTree = "<group>"; };
		CE0181782DA02BCD00EB0C46 /* ToDo.entitlements */ = {isa = PBXFileReference; lastKnownFileType = text.plist.entitlements; path = ToDo.entitlements; sourceTree = "<group>"; };
		CE01817A2DA02BCD00EB0C46 /* Preview Assets.xcassets */ = {isa = PBXFileReference; lastKnownFileType = folder.assetcatalog; path = "Preview Assets.xcassets"; sourceTree = "<group>"; };
		CE0181802DA02BCD00EB0C46 /* ToDoTests.xctest */ = {isa = PBXFileReference; explicitFileType = wrapper.cfbundle; includeInIndex = 0; path = ToDoTests.xctest; sourceTree = BUILT_PRODUCTS_DIR; };
		CE0181842DA02BCE00EB0C46 /* ToDoTests.swift */ = {isa = PBXFileReference; lastKnownFileType = sourcecode.swift; path = ToDoTests.swift; sourceTree = "<group>"; };
		CE01818A2DA02BCE00EB0C46 /* ToDoUITests.xctest */ = {isa = PBXFileReference; explicitFileType = wrapper.cfbundle; includeInIndex = 0; path = ToDoUITests.xctest; sourceTree = BUILT_PRODUCTS_DIR; };
		CE01818E2DA02BCE00EB0C46 /* ToDoUITests.swift */ = {isa = PBXFileReference; lastKnownFileType = sourcecode.swift; path = ToDoUITests.swift; sourceTree = "<group>"; };
		CE0181902DA02BCE00EB0C46 /* ToDoUITestsLaunchTests.swift */ = {isa = PBXFileReference; lastKnownFileType = sourcecode.swift; path = ToDoUITestsLaunchTests.swift; sourceTree = "<group>"; };
		CE01819D2DA034F800EB0C46 /* ToDoListView.swift */ = {isa = PBXFileReference; lastKnownFileType = sourcecode.swift; path = ToDoListView.swift; sourceTree = "<group>"; };
		CE01819F2DA0373A00EB0C46 /* CalendarView.swift */ = {isa = PBXFileReference; lastKnownFileType = sourcecode.swift; path = CalendarView.swift; sourceTree = "<group>"; };
		CE0181A12DA0382000EB0C46 /* NotesView.swift */ = {isa = PBXFileReference; lastKnownFileType = sourcecode.swift; path = NotesView.swift; sourceTree = "<group>"; };
		CE2F9BDE2DDA817C003C32CC /* roadmap.md */ = {isa = PBXFileReference; fileEncoding = 4; lastKnownFileType = net.daringfireball.markdown; name = roadmap.md; path = ToDo/roadmap.md; sourceTree = "<group>"; };
/* End PBXFileReference section */

/* Begin PBXFrameworksBuildPhase section */
		CE01816C2DA02BCB00EB0C46 /* Frameworks */ = {
			isa = PBXFrameworksBuildPhase;
			buildActionMask = 2147483647;
			files = (
			);
			runOnlyForDeploymentPostprocessing = 0;
		};
		CE01817D2DA02BCD00EB0C46 /* Frameworks */ = {
			isa = PBXFrameworksBuildPhase;
			buildActionMask = 2147483647;
			files = (
			);
			runOnlyForDeploymentPostprocessing = 0;
		};
		CE0181872DA02BCE00EB0C46 /* Frameworks */ = {
			isa = PBXFrameworksBuildPhase;
			buildActionMask = 2147483647;
			files = (
			);
			runOnlyForDeploymentPostprocessing = 0;
		};
/* End PBXFrameworksBuildPhase section */

/* Begin PBXGroup section */
		CE0181662DA02BCB00EB0C46 = {
			isa = PBXGroup;
			children = (
				CE2F9BDE2DDA817C003C32CC /* roadmap.md */,
				CE0181712DA02BCB00EB0C46 /* ToDo */,
				CE0181832DA02BCD00EB0C46 /* ToDoTests */,
				CE01818D2DA02BCE00EB0C46 /* ToDoUITests */,
				CE0181702DA02BCB00EB0C46 /* Products */,
			);
			sourceTree = "<group>";
		};
		CE0181702DA02BCB00EB0C46 /* Products */ = {
			isa = PBXGroup;
			children = (
				CE01816F2DA02BCB00EB0C46 /* ToDo.app */,
				CE0181802DA02BCD00EB0C46 /* ToDoTests.xctest */,
				CE01818A2DA02BCE00EB0C46 /* ToDoUITests.xctest */,
			);
			name = Products;
			sourceTree = "<group>";
		};
		CE0181712DA02BCB00EB0C46 /* ToDo */ = {
			isa = PBXGroup;
			children = (
				CE0181A42DA0452C00EB0C46 /* Views */,
				CE0181A32DA0451D00EB0C46 /* Models */,
				CE0181722DA02BCB00EB0C46 /* ToDoApp.swift */,
				CE0181762DA02BCD00EB0C46 /* Assets.xcassets */,
				CE0181782DA02BCD00EB0C46 /* ToDo.entitlements */,
				CE0181792DA02BCD00EB0C46 /* Preview Content */,
			);
			path = ToDo;
			sourceTree = "<group>";
		};
		CE0181792DA02BCD00EB0C46 /* Preview Content */ = {
			isa = PBXGroup;
			children = (
				CE01817A2DA02BCD00EB0C46 /* Preview Assets.xcassets */,
			);
			path = "Preview Content";
			sourceTree = "<group>";
		};
		CE0181832DA02BCD00EB0C46 /* ToDoTests */ = {
			isa = PBXGroup;
			children = (
				CE0181842DA02BCE00EB0C46 /* ToDoTests.swift */,
			);
			path = ToDoTests;
			sourceTree = "<group>";
		};
		CE01818D2DA02BCE00EB0C46 /* ToDoUITests */ = {
			isa = PBXGroup;
			children = (
				CE01818E2DA02BCE00EB0C46 /* ToDoUITests.swift */,
				CE0181902DA02BCE00EB0C46 /* ToDoUITestsLaunchTests.swift */,
			);
			path = ToDoUITests;
			sourceTree = "<group>";
		};
		CE0181A32DA0451D00EB0C46 /* Models */ = {
			isa = PBXGroup;
			children = (
			);
			path = Models;
			sourceTree = "<group>";
		};
		CE0181A42DA0452C00EB0C46 /* Views */ = {
			isa = PBXGroup;
			children = (
				CE0181742DA02BCB00EB0C46 /* ContentView.swift */,
				CE0181A72DA0457600EB0C46 /* Notes */,
				CE0181A62DA0456E00EB0C46 /* Calendar */,
				CE0181A52DA0456600EB0C46 /* ToDo */,
			);
			path = Views;
			sourceTree = "<group>";
		};
		CE0181A52DA0456600EB0C46 /* ToDo */ = {
			isa = PBXGroup;
			children = (
				CE01819D2DA034F800EB0C46 /* ToDoListView.swift */,
			);
			path = ToDo;
			sourceTree = "<group>";
		};
		CE0181A62DA0456E00EB0C46 /* Calendar */ = {
			isa = PBXGroup;
			children = (
				CE01819F2DA0373A00EB0C46 /* CalendarView.swift */,
			);
			path = Calendar;
			sourceTree = "<group>";
		};
		CE0181A72DA0457600EB0C46 /* Notes */ = {
			isa = PBXGroup;
			children = (
				CE0181A12DA0382000EB0C46 /* NotesView.swift */,
			);
			path = Notes;
			sourceTree = "<group>";
		};
/* End PBXGroup section */

/* Begin PBXNativeTarget section */
		CE01816E2DA02BCB00EB0C46 /* ToDo */ = {
			isa = PBXNativeTarget;
			buildConfigurationList = CE0181942DA02BCE00EB0C46 /* Build configuration list for PBXNativeTarget "ToDo" */;
			buildPhases = (
				CE01816B2DA02BCB00EB0C46 /* Sources */,
				CE01816C2DA02BCB00EB0C46 /* Frameworks */,
				CE01816D2DA02BCB00EB0C46 /* Resources */,
			);
			buildRules = (
			);
			dependencies = (
			);
			name = ToDo;
			productName = ToDo;
			productReference = CE01816F2DA02BCB00EB0C46 /* ToDo.app */;
			productType = "com.apple.product-type.application";
		};
		CE01817F2DA02BCD00EB0C46 /* ToDoTests */ = {
			isa = PBXNativeTarget;
			buildConfigurationList = CE0181972DA02BCE00EB0C46 /* Build configuration list for PBXNativeTarget "ToDoTests" */;
			buildPhases = (
				CE01817C2DA02BCD00EB0C46 /* Sources */,
				CE01817D2DA02BCD00EB0C46 /* Frameworks */,
				CE01817E2DA02BCD00EB0C46 /* Resources */,
			);
			buildRules = (
			);
			dependencies = (
				CE0181822DA02BCD00EB0C46 /* PBXTargetDependency */,
			);
			name = ToDoTests;
			productName = ToDoTests;
			productReference = CE0181802DA02BCD00EB0C46 /* ToDoTests.xctest */;
			productType = "com.apple.product-type.bundle.unit-test";
		};
		CE0181892DA02BCE00EB0C46 /* ToDoUITests */ = {
			isa = PBXNativeTarget;
			buildConfigurationList = CE01819A2DA02BCE00EB0C46 /* Build configuration list for PBXNativeTarget "ToDoUITests" */;
			buildPhases = (
				CE0181862DA02BCE00EB0C46 /* Sources */,
				CE0181872DA02BCE00EB0C46 /* Frameworks */,
				CE0181882DA02BCE00EB0C46 /* Resources */,
			);
			buildRules = (
			);
			dependencies = (
				CE01818C2DA02BCE00EB0C46 /* PBXTargetDependency */,
			);
			name = ToDoUITests;
			productName = ToDoUITests;
			productReference = CE01818A2DA02BCE00EB0C46 /* ToDoUITests.xctest */;
			productType = "com.apple.product-type.bundle.ui-testing";
		};
/* End PBXNativeTarget section */

/* Begin PBXProject section */
		CE0181672DA02BCB00EB0C46 /* Project object */ = {
			isa = PBXProject;
			attributes = {
				BuildIndependentTargetsInParallel = 1;
				LastSwiftUpdateCheck = 1420;
				LastUpgradeCheck = 1420;
				TargetAttributes = {
					CE01816E2DA02BCB00EB0C46 = {
						CreatedOnToolsVersion = 14.2;
					};
					CE01817F2DA02BCD00EB0C46 = {
						CreatedOnToolsVersion = 14.2;
						TestTargetID = CE01816E2DA02BCB00EB0C46;
					};
					CE0181892DA02BCE00EB0C46 = {
						CreatedOnToolsVersion = 14.2;
						TestTargetID = CE01816E2DA02BCB00EB0C46;
					};
				};
			};
			buildConfigurationList = CE01816A2DA02BCB00EB0C46 /* Build configuration list for PBXProject "ToDo" */;
			compatibilityVersion = "Xcode 14.0";
			developmentRegion = en;
			hasScannedForEncodings = 0;
			knownRegions = (
				en,
				Base,
			);
			mainGroup = CE0181662DA02BCB00EB0C46;
			productRefGroup = CE0181702DA02BCB00EB0C46 /* Products */;
			projectDirPath = "";
			projectRoot = "";
			targets = (
				CE01816E2DA02BCB00EB0C46 /* ToDo */,
				CE01817F2DA02BCD00EB0C46 /* ToDoTests */,
				CE0181892DA02BCE00EB0C46 /* ToDoUITests */,
			);
		};
/* End PBXProject section */

/* Begin PBXResourcesBuildPhase section */
		CE01816D2DA02BCB00EB0C46 /* Resources */ = {
			isa = PBXResourcesBuildPhase;
			buildActionMask = 2147483647;
			files = (
				CE01817B2DA02BCD00EB0C46 /* Preview Assets.xcassets in Resources */,
				CE0181772DA02BCD00EB0C46 /* Assets.xcassets in Resources */,
				CE2F9BDF2DDA817C003C32CC /* roadmap.md in Resources */,
			);
			runOnlyForDeploymentPostprocessing = 0;
		};
		CE01817E2DA02BCD00EB0C46 /* Resources */ = {
			isa = PBXResourcesBuildPhase;
			buildActionMask = 2147483647;
			files = (
			);
			runOnlyForDeploymentPostprocessing = 0;
		};
		CE0181882DA02BCE00EB0C46 /* Resources */ = {
			isa = PBXResourcesBuildPhase;
			buildActionMask = 2147483647;
			files = (
			);
			runOnlyForDeploymentPostprocessing = 0;
		};
/* End PBXResourcesBuildPhase section */

/* Begin PBXSourcesBuildPhase section */
		CE01816B2DA02BCB00EB0C46 /* Sources */ = {
			isa = PBXSourcesBuildPhase;
			buildActionMask = 2147483647;
			files = (
				CE01819E2DA034F800EB0C46 /* ToDoListView.swift in Sources */,
				CE0181752DA02BCB00EB0C46 /* ContentView.swift in Sources */,
				CE0181A22DA0382000EB0C46 /* NotesView.swift in Sources */,
				CE0181A02DA0373A00EB0C46 /* CalendarView.swift in Sources */,
				CE0181732DA02BCB00EB0C46 /* ToDoApp.swift in Sources */,
			);
			runOnlyForDeploymentPostprocessing = 0;
		};
		CE01817C2DA02BCD00EB0C46 /* Sources */ = {
			isa = PBXSourcesBuildPhase;
			buildActionMask = 2147483647;
			files = (
				CE0181852DA02BCE00EB0C46 /* ToDoTests.swift in Sources */,
			);
			runOnlyForDeploymentPostprocessing = 0;
		};
		CE0181862DA02BCE00EB0C46 /* Sources */ = {
			isa = PBXSourcesBuildPhase;
			buildActionMask = 2147483647;
			files = (
				CE0181912DA02BCE00EB0C46 /* ToDoUITestsLaunchTests.swift in Sources */,
				CE01818F2DA02BCE00EB0C46 /* ToDoUITests.swift in Sources */,
			);
			runOnlyForDeploymentPostprocessing = 0;
		};
/* End PBXSourcesBuildPhase section */

/* Begin PBXTargetDependency section */
		CE0181822DA02BCD00EB0C46 /* PBXTargetDependency */ = {
			isa = PBXTargetDependency;
			target = CE01816E2DA02BCB00EB0C46 /* ToDo */;
			targetProxy = CE0181812DA02BCD00EB0C46 /* PBXContainerItemProxy */;
		};
		CE01818C2DA02BCE00EB0C46 /* PBXTargetDependency */ = {
			isa = PBXTargetDependency;
			target = CE01816E2DA02BCB00EB0C46 /* ToDo */;
			targetProxy = CE01818B2DA02BCE00EB0C46 /* PBXContainerItemProxy */;
		};
/* End PBXTargetDependency section */

/* Begin XCBuildConfiguration section */
		CE0181922DA02BCE00EB0C46 /* Debug */ = {
			isa = XCBuildConfiguration;
			buildSettings = {
				ALWAYS_SEARCH_USER_PATHS = NO;
				CLANG_ANALYZER_NONNULL = YES;
				CLANG_ANALYZER_NUMBER_OBJECT_CONVERSION = YES_AGGRESSIVE;
				CLANG_CXX_LANGUAGE_STANDARD = "gnu++20";
				CLANG_ENABLE_MODULES = YES;
				CLANG_ENABLE_OBJC_ARC = YES;
				CLANG_ENABLE_OBJC_WEAK = YES;
				CLANG_WARN_BLOCK_CAPTURE_AUTORELEASING = YES;
				CLANG_WARN_BOOL_CONVERSION = YES;
				CLANG_WARN_COMMA = YES;
				CLANG_WARN_CONSTANT_CONVERSION = YES;
				CLANG_WARN_DEPRECATED_OBJC_IMPLEMENTATIONS = YES;
				CLANG_WARN_DIRECT_OBJC_ISA_USAGE = YES_ERROR;
				CLANG_WARN_DOCUMENTATION_COMMENTS = YES;
				CLANG_WARN_EMPTY_BODY = YES;
				CLANG_WARN_ENUM_CONVERSION = YES;
				CLANG_WARN_INFINITE_RECURSION = YES;
				CLANG_WARN_INT_CONVERSION = YES;
				CLANG_WARN_NON_LITERAL_NULL_CONVERSION = YES;
				CLANG_WARN_OBJC_IMPLICIT_RETAIN_SELF = YES;
				CLANG_WARN_OBJC_LITERAL_CONVERSION = YES;
				CLANG_WARN_OBJC_ROOT_CLASS = YES_ERROR;
				CLANG_WARN_QUOTED_INCLUDE_IN_FRAMEWORK_HEADER = YES;
				CLANG_WARN_RANGE_LOOP_ANALYSIS = YES;
				CLANG_WARN_STRICT_PROTOTYPES = YES;
				CLANG_WARN_SUSPICIOUS_MOVE = YES;
				CLANG_WARN_UNGUARDED_AVAILABILITY = YES_AGGRESSIVE;
				CLANG_WARN_UNREACHABLE_CODE = YES;
				CLANG_WARN__DUPLICATE_METHOD_MATCH = YES;
				COPY_PHASE_STRIP = NO;
				DEBUG_INFORMATION_FORMAT = dwarf;
				ENABLE_STRICT_OBJC_MSGSEND = YES;
				ENABLE_TESTABILITY = YES;
				GCC_C_LANGUAGE_STANDARD = gnu11;
				GCC_DYNAMIC_NO_PIC = NO;
				GCC_NO_COMMON_BLOCKS = YES;
				GCC_OPTIMIZATION_LEVEL = 0;
				GCC_PREPROCESSOR_DEFINITIONS = (
					"DEBUG=1",
					"$(inherited)",
				);
				GCC_WARN_64_TO_32_BIT_CONVERSION = YES;
				GCC_WARN_ABOUT_RETURN_TYPE = YES_ERROR;
				GCC_WARN_UNDECLARED_SELECTOR = YES;
				GCC_WARN_UNINITIALIZED_AUTOS = YES_AGGRESSIVE;
				GCC_WARN_UNUSED_FUNCTION = YES;
				GCC_WARN_UNUSED_VARIABLE = YES;
				MTL_ENABLE_DEBUG_INFO = INCLUDE_SOURCE;
				MTL_FAST_MATH = YES;
				ONLY_ACTIVE_ARCH = YES;
				SWIFT_ACTIVE_COMPILATION_CONDITIONS = DEBUG;
				SWIFT_OPTIMIZATION_LEVEL = "-Onone";
			};
			name = Debug;
		};
		CE0181932DA02BCE00EB0C46 /* Release */ = {
			isa = XCBuildConfiguration;
			buildSettings = {
				ALWAYS_SEARCH_USER_PATHS = NO;
				CLANG_ANALYZER_NONNULL = YES;
				CLANG_ANALYZER_NUMBER_OBJECT_CONVERSION = YES_AGGRESSIVE;
				CLANG_CXX_LANGUAGE_STANDARD = "gnu++20";
				CLANG_ENABLE_MODULES = YES;
				CLANG_ENABLE_OBJC_ARC = YES;
				CLANG_ENABLE_OBJC_WEAK = YES;
				CLANG_WARN_BLOCK_CAPTURE_AUTORELEASING = YES;
				CLANG_WARN_BOOL_CONVERSION = YES;
				CLANG_WARN_COMMA = YES;
				CLANG_WARN_CONSTANT_CONVERSION = YES;
				CLANG_WARN_DEPRECATED_OBJC_IMPLEMENTATIONS = YES;
				CLANG_WARN_DIRECT_OBJC_ISA_USAGE = YES_ERROR;
				CLANG_WARN_DOCUMENTATION_COMMENTS = YES;
				CLANG_WARN_EMPTY_BODY = YES;
				CLANG_WARN_ENUM_CONVERSION = YES;
				CLANG_WARN_INFINITE_RECURSION = YES;
				CLANG_WARN_INT_CONVERSION = YES;
				CLANG_WARN_NON_LITERAL_NULL_CONVERSION = YES;
				CLANG_WARN_OBJC_IMPLICIT_RETAIN_SELF = YES;
				CLANG_WARN_OBJC_LITERAL_CONVERSION = YES;
				CLANG_WARN_OBJC_ROOT_CLASS = YES_ERROR;
				CLANG_WARN_QUOTED_INCLUDE_IN_FRAMEWORK_HEADER = YES;
				CLANG_WARN_RANGE_LOOP_ANALYSIS = YES;
				CLANG_WARN_STRICT_PROTOTYPES = YES;
				CLANG_WARN_SUSPICIOUS_MOVE = YES;
				CLANG_WARN_UNGUARDED_AVAILABILITY = YES_AGGRESSIVE;
				CLANG_WARN_UNREACHABLE_CODE = YES;
				CLANG_WARN__DUPLICATE_METHOD_MATCH = YES;
				COPY_PHASE_STRIP = NO;
				DEBUG_INFORMATION_FORMAT = "dwarf-with-dsym";
				ENABLE_NS_ASSERTIONS = NO;
				ENABLE_STRICT_OBJC_MSGSEND = YES;
				GCC_C_LANGUAGE_STANDARD = gnu11;
				GCC_NO_COMMON_BLOCKS = YES;
				GCC_WARN_64_TO_32_BIT_CONVERSION = YES;
				GCC_WARN_ABOUT_RETURN_TYPE = YES_ERROR;
				GCC_WARN_UNDECLARED_SELECTOR = YES;
				GCC_WARN_UNINITIALIZED_AUTOS = YES_AGGRESSIVE;
				GCC_WARN_UNUSED_FUNCTION = YES;
				GCC_WARN_UNUSED_VARIABLE = YES;
				MTL_ENABLE_DEBUG_INFO = NO;
				MTL_FAST_MATH = YES;
				SWIFT_COMPILATION_MODE = wholemodule;
				SWIFT_OPTIMIZATION_LEVEL = "-O";
			};
			name = Release;
		};
		CE0181952DA02BCE00EB0C46 /* Debug */ = {
			isa = XCBuildConfiguration;
			buildSettings = {
				ASSETCATALOG_COMPILER_APPICON_NAME = AppIcon;
				ASSETCATALOG_COMPILER_GLOBAL_ACCENT_COLOR_NAME = AccentColor;
				CODE_SIGN_ENTITLEMENTS = ToDo/ToDo.entitlements;
				CODE_SIGN_STYLE = Automatic;
				CURRENT_PROJECT_VERSION = 1;
				DEVELOPMENT_ASSET_PATHS = "\"ToDo/Preview Content\"";
				DEVELOPMENT_TEAM = 4KU6NHG927;
				ENABLE_HARDENED_RUNTIME = YES;
				ENABLE_PREVIEWS = YES;
				GENERATE_INFOPLIST_FILE = YES;
				"INFOPLIST_KEY_UIApplicationSceneManifest_Generation[sdk=iphoneos*]" = YES;
				"INFOPLIST_KEY_UIApplicationSceneManifest_Generation[sdk=iphonesimulator*]" = YES;
				"INFOPLIST_KEY_UIApplicationSupportsIndirectInputEvents[sdk=iphoneos*]" = YES;
				"INFOPLIST_KEY_UIApplicationSupportsIndirectInputEvents[sdk=iphonesimulator*]" = YES;
				"INFOPLIST_KEY_UILaunchScreen_Generation[sdk=iphoneos*]" = YES;
				"INFOPLIST_KEY_UILaunchScreen_Generation[sdk=iphonesimulator*]" = YES;
				"INFOPLIST_KEY_UIStatusBarStyle[sdk=iphoneos*]" = UIStatusBarStyleDefault;
				"INFOPLIST_KEY_UIStatusBarStyle[sdk=iphonesimulator*]" = UIStatusBarStyleDefault;
				INFOPLIST_KEY_UISupportedInterfaceOrientations_iPad = "UIInterfaceOrientationPortrait UIInterfaceOrientationPortraitUpsideDown UIInterfaceOrientationLandscapeLeft UIInterfaceOrientationLandscapeRight";
				INFOPLIST_KEY_UISupportedInterfaceOrientations_iPhone = "UIInterfaceOrientationPortrait UIInterfaceOrientationLandscapeLeft UIInterfaceOrientationLandscapeRight";
				IPHONEOS_DEPLOYMENT_TARGET = 16.2;
				LD_RUNPATH_SEARCH_PATHS = "@executable_path/Frameworks";
				"LD_RUNPATH_SEARCH_PATHS[sdk=macosx*]" = "@executable_path/../Frameworks";
				MACOSX_DEPLOYMENT_TARGET = 12.7;
				MARKETING_VERSION = 1.0;
				PRODUCT_BUNDLE_IDENTIFIER = hyliard.ToDo;
				PRODUCT_NAME = "$(TARGET_NAME)";
				SDKROOT = auto;
				SUPPORTED_PLATFORMS = "iphoneos iphonesimulator macosx";
				SWIFT_EMIT_LOC_STRINGS = YES;
				SWIFT_VERSION = 5.0;
				TARGETED_DEVICE_FAMILY = "1,2";
			};
			name = Debug;
		};
		CE0181962DA02BCE00EB0C46 /* Release */ = {
			isa = XCBuildConfiguration;
			buildSettings = {
				ASSETCATALOG_COMPILER_APPICON_NAME = AppIcon;
				ASSETCATALOG_COMPILER_GLOBAL_ACCENT_COLOR_NAME = AccentColor;
				CODE_SIGN_ENTITLEMENTS = ToDo/ToDo.entitlements;
				CODE_SIGN_STYLE = Automatic;
				CURRENT_PROJECT_VERSION = 1;
				DEVELOPMENT_ASSET_PATHS = "\"ToDo/Preview Content\"";
				DEVELOPMENT_TEAM = 4KU6NHG927;
				ENABLE_HARDENED_RUNTIME = YES;
				ENABLE_PREVIEWS = YES;
				GENERATE_INFOPLIST_FILE = YES;
				"INFOPLIST_KEY_UIApplicationSceneManifest_Generation[sdk=iphoneos*]" = YES;
				"INFOPLIST_KEY_UIApplicationSceneManifest_Generation[sdk=iphonesimulator*]" = YES;
				"INFOPLIST_KEY_UIApplicationSupportsIndirectInputEvents[sdk=iphoneos*]" = YES;
				"INFOPLIST_KEY_UIApplicationSupportsIndirectInputEvents[sdk=iphonesimulator*]" = YES;
				"INFOPLIST_KEY_UILaunchScreen_Generation[sdk=iphoneos*]" = YES;
				"INFOPLIST_KEY_UILaunchScreen_Generation[sdk=iphonesimulator*]" = YES;
				"INFOPLIST_KEY_UIStatusBarStyle[sdk=iphoneos*]" = UIStatusBarStyleDefault;
				"INFOPLIST_KEY_UIStatusBarStyle[sdk=iphonesimulator*]" = UIStatusBarStyleDefault;
				INFOPLIST_KEY_UISupportedInterfaceOrientations_iPad = "UIInterfaceOrientationPortrait UIInterfaceOrientationPortraitUpsideDown UIInterfaceOrientationLandscapeLeft UIInterfaceOrientationLandscapeRight";
				INFOPLIST_KEY_UISupportedInterfaceOrientations_iPhone = "UIInterfaceOrientationPortrait UIInterfaceOrientationLandscapeLeft UIInterfaceOrientationLandscapeRight";
				IPHONEOS_DEPLOYMENT_TARGET = 16.2;
				LD_RUNPATH_SEARCH_PATHS = "@executable_path/Frameworks";
				"LD_RUNPATH_SEARCH_PATHS[sdk=macosx*]" = "@executable_path/../Frameworks";
				MACOSX_DEPLOYMENT_TARGET = 12.7;
				MARKETING_VERSION = 1.0;
				PRODUCT_BUNDLE_IDENTIFIER = hyliard.ToDo;
				PRODUCT_NAME = "$(TARGET_NAME)";
				SDKROOT = auto;
				SUPPORTED_PLATFORMS = "iphoneos iphonesimulator macosx";
				SWIFT_EMIT_LOC_STRINGS = YES;
				SWIFT_VERSION = 5.0;
				TARGETED_DEVICE_FAMILY = "1,2";
			};
			name = Release;
		};
		CE0181982DA02BCE00EB0C46 /* Debug */ = {
			isa = XCBuildConfiguration;
			buildSettings = {
				ALWAYS_EMBED_SWIFT_STANDARD_LIBRARIES = YES;
				BUNDLE_LOADER = "$(TEST_HOST)";
				CODE_SIGN_STYLE = Automatic;
				CURRENT_PROJECT_VERSION = 1;
				DEVELOPMENT_TEAM = 4KU6NHG927;
				GENERATE_INFOPLIST_FILE = YES;
				IPHONEOS_DEPLOYMENT_TARGET = 16.2;
				MACOSX_DEPLOYMENT_TARGET = 12.7;
				MARKETING_VERSION = 1.0;
				PRODUCT_BUNDLE_IDENTIFIER = hyliard.ToDoTests;
				PRODUCT_NAME = "$(TARGET_NAME)";
				SDKROOT = auto;
				SUPPORTED_PLATFORMS = "iphoneos iphonesimulator macosx";
				SWIFT_EMIT_LOC_STRINGS = NO;
				SWIFT_VERSION = 5.0;
				TARGETED_DEVICE_FAMILY = "1,2";
				TEST_HOST = "$(BUILT_PRODUCTS_DIR)/ToDo.app/$(BUNDLE_EXECUTABLE_FOLDER_PATH)/ToDo";
			};
			name = Debug;
		};
		CE0181992DA02BCE00EB0C46 /* Release */ = {
			isa = XCBuildConfiguration;
			buildSettings = {
				ALWAYS_EMBED_SWIFT_STANDARD_LIBRARIES = YES;
				BUNDLE_LOADER = "$(TEST_HOST)";
				CODE_SIGN_STYLE = Automatic;
				CURRENT_PROJECT_VERSION = 1;
				DEVELOPMENT_TEAM = 4KU6NHG927;
				GENERATE_INFOPLIST_FILE = YES;
				IPHONEOS_DEPLOYMENT_TARGET = 16.2;
				MACOSX_DEPLOYMENT_TARGET = 12.7;
				MARKETING_VERSION = 1.0;
				PRODUCT_BUNDLE_IDENTIFIER = hyliard.ToDoTests;
				PRODUCT_NAME = "$(TARGET_NAME)";
				SDKROOT = auto;
				SUPPORTED_PLATFORMS = "iphoneos iphonesimulator macosx";
				SWIFT_EMIT_LOC_STRINGS = NO;
				SWIFT_VERSION = 5.0;
				TARGETED_DEVICE_FAMILY = "1,2";
				TEST_HOST = "$(BUILT_PRODUCTS_DIR)/ToDo.app/$(BUNDLE_EXECUTABLE_FOLDER_PATH)/ToDo";
			};
			name = Release;
		};
		CE01819B2DA02BCE00EB0C46 /* Debug */ = {
			isa = XCBuildConfiguration;
			buildSettings = {
				ALWAYS_EMBED_SWIFT_STANDARD_LIBRARIES = YES;
				CODE_SIGN_STYLE = Automatic;
				CURRENT_PROJECT_VERSION = 1;
				DEVELOPMENT_TEAM = 4KU6NHG927;
				GENERATE_INFOPLIST_FILE = YES;
				IPHONEOS_DEPLOYMENT_TARGET = 16.2;
				MACOSX_DEPLOYMENT_TARGET = 12.7;
				MARKETING_VERSION = 1.0;
				PRODUCT_BUNDLE_IDENTIFIER = hyliard.ToDoUITests;
				PRODUCT_NAME = "$(TARGET_NAME)";
				SDKROOT = auto;
				SUPPORTED_PLATFORMS = "iphoneos iphonesimulator macosx";
				SWIFT_EMIT_LOC_STRINGS = NO;
				SWIFT_VERSION = 5.0;
				TARGETED_DEVICE_FAMILY = "1,2";
				TEST_TARGET_NAME = ToDo;
			};
			name = Debug;
		};
		CE01819C2DA02BCE00EB0C46 /* Release */ = {
			isa = XCBuildConfiguration;
			buildSettings = {
				ALWAYS_EMBED_SWIFT_STANDARD_LIBRARIES = YES;
				CODE_SIGN_STYLE = Automatic;
				CURRENT_PROJECT_VERSION = 1;
				DEVELOPMENT_TEAM = 4KU6NHG927;
				GENERATE_INFOPLIST_FILE = YES;
				IPHONEOS_DEPLOYMENT_TARGET = 16.2;
				MACOSX_DEPLOYMENT_TARGET = 12.7;
				MARKETING_VERSION = 1.0;
				PRODUCT_BUNDLE_IDENTIFIER = hyliard.ToDoUITests;
				PRODUCT_NAME = "$(TARGET_NAME)";
				SDKROOT = auto;
				SUPPORTED_PLATFORMS = "iphoneos iphonesimulator macosx";
				SWIFT_EMIT_LOC_STRINGS = NO;
				SWIFT_VERSION = 5.0;
				TARGETED_DEVICE_FAMILY = "1,2";
				TEST_TARGET_NAME = ToDo;
			};
			name = Release;
		};
/* End XCBuildConfiguration section */

/* Begin XCConfigurationList section */
		CE01816A2DA02BCB00EB0C46 /* Build configuration list for PBXProject "ToDo" */ = {
			isa = XCConfigurationList;
			buildConfigurations = (
				CE0181922DA02BCE00EB0C46 /* Debug */,
				CE0181932DA02BCE00EB0C46 /* Release */,
			);
			defaultConfigurationIsVisible = 0;
			defaultConfigurationName = Release;
		};
		CE0181942DA02BCE00EB0C46 /* Build configuration list for PBXNativeTarget "ToDo" */ = {
			isa = XCConfigurationList;
			buildConfigurations = (
				CE0181952DA02BCE00EB0C46 /* Debug */,
				CE0181962DA02BCE00EB0C46 /* Release */,
			);
			defaultConfigurationIsVisible = 0;
			defaultConfigurationName = Release;
		};
		CE0181972DA02BCE00EB0C46 /* Build configuration list for PBXNativeTarget "ToDoTests" */ = {
			isa = XCConfigurationList;
			buildConfigurations = (
				CE0181982DA02BCE00EB0C46 /* Debug */,
				CE0181992DA02BCE00EB0C46 /* Release */,
			);
			defaultConfigurationIsVisible = 0;
			defaultConfigurationName = Release;
		};
		CE01819A2DA02BCE00EB0C46 /* Build configuration list for PBXNativeTarget "ToDoUITests" */ = {
			isa = XCConfigurationList;
			buildConfigurations = (
				CE01819B2DA02BCE00EB0C46 /* Debug */,
				CE01819C2DA02BCE00EB0C46 /* Release */,
			);
			defaultConfigurationIsVisible = 0;
			defaultConfigurationName = Release;
		};
/* End XCConfigurationList section */
	};
	rootObject = CE0181672DA02BCB00EB0C46 /* Project object */;
}
